# Generated by owl - do not edit manually

[lock]
manifest-sha256 = "d00a88f9a9fb98966f794ac1439b8683d8aacd6ac39491f89f03725787ef441d"

[[package]]
name     = "mire"
path     = "~/.owl/libs/mire"
registry = "local"

[[package]]
name     = "kioto"
path     = "~/.owl/libs/kioto"
registry = "local"

[[package]]
name     = "sdl"
path     = "."
registry = "local"
compiler = "mire"
