# Generated by owl - do not edit manually

[lock]
manifest-sha256 = "27db5d1b603f88b7de19fe664ced2b2a0466697cdb453676a2d6592c12a0ddf2"

[[package]]
name     = "mire"
path     = "~/.owl/libs/mire"
registry = "local"

[[package]]
name     = "kioto"
path     = "~/.owl/libs/kioto"
registry = "local"

[[package]]
name     = "sdl"
path     = "."
registry = "local"
compiler = "mire"
